// !$*UTF8*$!
{
	archiveVersion = 1;
	classes = {
	};
	objectVersion = 56;
	objects = {

/* Begin PBXBuildFile section */
		E141F729299AB4D000381631 /* HomeViewModel.swift in Sources */ = {isa = PBXBuildFile; fileRef = E141F728299AB4D000381631 /* HomeViewModel.swift */; };
		E141F72B299AE0E000381631 /* AuthorModel.swift in Sources */ = {isa = PBXBuildFile; fileRef = E141F72A299AE0E000381631 /* AuthorModel.swift */; };
		E1517FBB299C333E00661441 /* BookDetailView.swift in Sources */ = {isa = PBXBuildFile; fileRef = E1517FBA299C333E00661441 /* BookDetailView.swift */; };
		E1517FBF299C340600661441 /* BookDetailViewModel.swift in Sources */ = {isa = PBXBuildFile; fileRef = E1517FBE299C340600661441 /* BookDetailViewModel.swift */; };
		E1517FC1299C36CA00661441 /* Profile.swift in Sources */ = {isa = PBXBuildFile; fileRef = E1517FC0299C36CA00661441 /* Profile.swift */; };
		E18380472997F585008D39FE /* KameBooksApp.swift in Sources */ = {isa = PBXBuildFile; fileRef = E18380462997F585008D39FE /* KameBooksApp.swift */; };
		E183804B2997F588008D39FE /* Assets.xcassets in Resources */ = {isa = PBXBuildFile; fileRef = E183804A2997F588008D39FE /* Assets.xcassets */; };
		E183804E2997F588008D39FE /* Preview Assets.xcassets in Resources */ = {isa = PBXBuildFile; fileRef = E183804D2997F588008D39FE /* Preview Assets.xcassets */; };
		E18380572997F6CF008D39FE /* KameBooks_Release.xcconfig in Resources */ = {isa = PBXBuildFile; fileRef = E18380562997F6CF008D39FE /* KameBooks_Release.xcconfig */; };
		E18380622997F930008D39FE /* NetworkErrors.swift in Sources */ = {isa = PBXBuildFile; fileRef = E18380612997F930008D39FE /* NetworkErrors.swift */; };
		E18380642997F95E008D39FE /* Extensions.swift in Sources */ = {isa = PBXBuildFile; fileRef = E18380632997F95E008D39FE /* Extensions.swift */; };
		E18380662997F99D008D39FE /* NetworkInterface.swift in Sources */ = {isa = PBXBuildFile; fileRef = E18380652997F99D008D39FE /* NetworkInterface.swift */; };
		E18380682997FA03008D39FE /* InfoKeys.swift in Sources */ = {isa = PBXBuildFile; fileRef = E18380672997FA03008D39FE /* InfoKeys.swift */; };
		E183806B2997FB3A008D39FE /* Device.swift in Sources */ = {isa = PBXBuildFile; fileRef = E183806A2997FB3A008D39FE /* Device.swift */; };
		E183806D2997FB84008D39FE /* NetworkPersistence.swift in Sources */ = {isa = PBXBuildFile; fileRef = E183806C2997FB84008D39FE /* NetworkPersistence.swift */; };
		E183806F2997FD69008D39FE /* BookModel.swift in Sources */ = {isa = PBXBuildFile; fileRef = E183806E2997FD69008D39FE /* BookModel.swift */; };
		E1A01FC72999375600133FDA /* SplashView.swift in Sources */ = {isa = PBXBuildFile; fileRef = E1A01FC62999375600133FDA /* SplashView.swift */; };
		E1A01FC9299937DE00133FDA /* AppOfflineView.swift in Sources */ = {isa = PBXBuildFile; fileRef = E1A01FC8299937DE00133FDA /* AppOfflineView.swift */; };
		E1A01FCD2999385600133FDA /* Localizable.strings in Resources */ = {isa = PBXBuildFile; fileRef = E1A01FCF2999385600133FDA /* Localizable.strings */; };
		E1A01FD22999386D00133FDA /* Localizable.strings in Resources */ = {isa = PBXBuildFile; fileRef = E1A01FD42999386D00133FDA /* Localizable.strings */; };
		E1A01FD62999399500133FDA /* Colors.xcassets in Resources */ = {isa = PBXBuildFile; fileRef = E1A01FD52999399500133FDA /* Colors.xcassets */; };
		E1A01FD829993A5700133FDA /* NetworkStatus.swift in Sources */ = {isa = PBXBuildFile; fileRef = E1A01FD729993A5700133FDA /* NetworkStatus.swift */; };
		E1A01FDA29993C1600133FDA /* KameBooks_Develop.xcconfig in Resources */ = {isa = PBXBuildFile; fileRef = E1A01FD929993C1600133FDA /* KameBooks_Develop.xcconfig */; };
		E1A01FDE2999419E00133FDA /* OnboardingView.swift in Sources */ = {isa = PBXBuildFile; fileRef = E1A01FDD2999419E00133FDA /* OnboardingView.swift */; };
		E1A01FE02999421100133FDA /* OnboardingPage.swift in Sources */ = {isa = PBXBuildFile; fileRef = E1A01FDF2999421100133FDA /* OnboardingPage.swift */; };
		E1A01FE22999468200133FDA /* AuthView.swift in Sources */ = {isa = PBXBuildFile; fileRef = E1A01FE12999468200133FDA /* AuthView.swift */; };
		E1A01FE42999495200133FDA /* RegisterView.swift in Sources */ = {isa = PBXBuildFile; fileRef = E1A01FE32999495200133FDA /* RegisterView.swift */; };
		E1A01FE629994A6B00133FDA /* AuthViewModel.swift in Sources */ = {isa = PBXBuildFile; fileRef = E1A01FE529994A6B00133FDA /* AuthViewModel.swift */; };
		E1A01FE82999506700133FDA /* UserModel.swift in Sources */ = {isa = PBXBuildFile; fileRef = E1A01FE72999506700133FDA /* UserModel.swift */; };
		E1A01FEA2999517B00133FDA /* RegexValidations.swift in Sources */ = {isa = PBXBuildFile; fileRef = E1A01FE92999517B00133FDA /* RegexValidations.swift */; };
		E1A01FEC299955FD00133FDA /* CustomTextField.swift in Sources */ = {isa = PBXBuildFile; fileRef = E1A01FEB299955FD00133FDA /* CustomTextField.swift */; };
		E1A01FEE299964E800133FDA /* LoaderView.swift in Sources */ = {isa = PBXBuildFile; fileRef = E1A01FED299964E800133FDA /* LoaderView.swift */; };
		E1A01FF22999662F00133FDA /* SimpleButton.swift in Sources */ = {isa = PBXBuildFile; fileRef = E1A01FF12999662F00133FDA /* SimpleButton.swift */; };
		E1A01FF42999664F00133FDA /* Styles.swift in Sources */ = {isa = PBXBuildFile; fileRef = E1A01FF32999664F00133FDA /* Styles.swift */; };
		E1A46AC1299993A600E1CA40 /* LoginView.swift in Sources */ = {isa = PBXBuildFile; fileRef = E1A46AC0299993A600E1CA40 /* LoginView.swift */; };
		E1A46AC329999C7E00E1CA40 /* TabBar.swift in Sources */ = {isa = PBXBuildFile; fileRef = E1A46AC229999C7E00E1CA40 /* TabBar.swift */; };
		E1A46AC529999CBE00E1CA40 /* HomeView.swift in Sources */ = {isa = PBXBuildFile; fileRef = E1A46AC429999CBE00E1CA40 /* HomeView.swift */; };
		E1A46AC829999EFE00E1CA40 /* KeychainAccess in Frameworks */ = {isa = PBXBuildFile; productRef = E1A46AC729999EFE00E1CA40 /* KeychainAccess */; };
		E1A46ACB29999F7300E1CA40 /* KameBooksKeyChain.swift in Sources */ = {isa = PBXBuildFile; fileRef = E1A46ACA29999F7300E1CA40 /* KameBooksKeyChain.swift */; };
/* End PBXBuildFile section */

/* Begin PBXFileReference section */
		E141F728299AB4D000381631 /* HomeViewModel.swift */ = {isa = PBXFileReference; lastKnownFileType = sourcecode.swift; path = HomeViewModel.swift; sourceTree = "<group>"; };
		E141F72A299AE0E000381631 /* AuthorModel.swift */ = {isa = PBXFileReference; lastKnownFileType = sourcecode.swift; path = AuthorModel.swift; sourceTree = "<group>"; };
		E1517FBA299C333E00661441 /* BookDetailView.swift */ = {isa = PBXFileReference; lastKnownFileType = sourcecode.swift; path = BookDetailView.swift; sourceTree = "<group>"; };
		E1517FBE299C340600661441 /* BookDetailViewModel.swift */ = {isa = PBXFileReference; lastKnownFileType = sourcecode.swift; path = BookDetailViewModel.swift; sourceTree = "<group>"; };
		E1517FC0299C36CA00661441 /* Profile.swift */ = {isa = PBXFileReference; lastKnownFileType = sourcecode.swift; path = Profile.swift; sourceTree = "<group>"; };
		E18380432997F585008D39FE /* KameBooks.app */ = {isa = PBXFileReference; explicitFileType = wrapper.application; includeInIndex = 0; path = KameBooks.app; sourceTree = BUILT_PRODUCTS_DIR; };
		E18380462997F585008D39FE /* KameBooksApp.swift */ = {isa = PBXFileReference; lastKnownFileType = sourcecode.swift; path = KameBooksApp.swift; sourceTree = "<group>"; };
		E183804A2997F588008D39FE /* Assets.xcassets */ = {isa = PBXFileReference; lastKnownFileType = folder.assetcatalog; path = Assets.xcassets; sourceTree = "<group>"; };
		E183804D2997F588008D39FE /* Preview Assets.xcassets */ = {isa = PBXFileReference; lastKnownFileType = folder.assetcatalog; path = "Preview Assets.xcassets"; sourceTree = "<group>"; };
		E18380562997F6CF008D39FE /* KameBooks_Release.xcconfig */ = {isa = PBXFileReference; lastKnownFileType = text.xcconfig; path = KameBooks_Release.xcconfig; sourceTree = "<group>"; };
		E18380612997F930008D39FE /* NetworkErrors.swift */ = {isa = PBXFileReference; lastKnownFileType = sourcecode.swift; path = NetworkErrors.swift; sourceTree = "<group>"; };
		E18380632997F95E008D39FE /* Extensions.swift */ = {isa = PBXFileReference; lastKnownFileType = sourcecode.swift; path = Extensions.swift; sourceTree = "<group>"; };
		E18380652997F99D008D39FE /* NetworkInterface.swift */ = {isa = PBXFileReference; lastKnownFileType = sourcecode.swift; path = NetworkInterface.swift; sourceTree = "<group>"; };
		E18380672997FA03008D39FE /* InfoKeys.swift */ = {isa = PBXFileReference; lastKnownFileType = sourcecode.swift; path = InfoKeys.swift; sourceTree = "<group>"; };
		E18380692997FA4B008D39FE /* Info.plist */ = {isa = PBXFileReference; lastKnownFileType = text.plist; path = Info.plist; sourceTree = "<group>"; };
		E183806A2997FB3A008D39FE /* Device.swift */ = {isa = PBXFileReference; lastKnownFileType = sourcecode.swift; path = Device.swift; sourceTree = "<group>"; };
		E183806C2997FB84008D39FE /* NetworkPersistence.swift */ = {isa = PBXFileReference; lastKnownFileType = sourcecode.swift; path = NetworkPersistence.swift; sourceTree = "<group>"; };
		E183806E2997FD69008D39FE /* BookModel.swift */ = {isa = PBXFileReference; lastKnownFileType = sourcecode.swift; path = BookModel.swift; sourceTree = "<group>"; };
		E1A01FC62999375600133FDA /* SplashView.swift */ = {isa = PBXFileReference; lastKnownFileType = sourcecode.swift; path = SplashView.swift; sourceTree = "<group>"; };
		E1A01FC8299937DE00133FDA /* AppOfflineView.swift */ = {isa = PBXFileReference; lastKnownFileType = sourcecode.swift; path = AppOfflineView.swift; sourceTree = "<group>"; };
		E1A01FD32999386D00133FDA /* es */ = {isa = PBXFileReference; lastKnownFileType = text.plist.strings; name = es; path = es.lproj/Localizable.strings; sourceTree = "<group>"; };
		E1A01FD52999399500133FDA /* Colors.xcassets */ = {isa = PBXFileReference; lastKnownFileType = folder.assetcatalog; path = Colors.xcassets; sourceTree = "<group>"; };
		E1A01FD729993A5700133FDA /* NetworkStatus.swift */ = {isa = PBXFileReference; lastKnownFileType = sourcecode.swift; path = NetworkStatus.swift; sourceTree = "<group>"; };
		E1A01FD929993C1600133FDA /* KameBooks_Develop.xcconfig */ = {isa = PBXFileReference; lastKnownFileType = text.xcconfig; path = KameBooks_Develop.xcconfig; sourceTree = "<group>"; };
		E1A01FDD2999419E00133FDA /* OnboardingView.swift */ = {isa = PBXFileReference; lastKnownFileType = sourcecode.swift; path = OnboardingView.swift; sourceTree = "<group>"; };
		E1A01FDF2999421100133FDA /* OnboardingPage.swift */ = {isa = PBXFileReference; lastKnownFileType = sourcecode.swift; path = OnboardingPage.swift; sourceTree = "<group>"; };
		E1A01FE12999468200133FDA /* AuthView.swift */ = {isa = PBXFileReference; lastKnownFileType = sourcecode.swift; path = AuthView.swift; sourceTree = "<group>"; };
		E1A01FE32999495200133FDA /* RegisterView.swift */ = {isa = PBXFileReference; lastKnownFileType = sourcecode.swift; path = RegisterView.swift; sourceTree = "<group>"; };
		E1A01FE529994A6B00133FDA /* AuthViewModel.swift */ = {isa = PBXFileReference; lastKnownFileType = sourcecode.swift; path = AuthViewModel.swift; sourceTree = "<group>"; };
		E1A01FE72999506700133FDA /* UserModel.swift */ = {isa = PBXFileReference; lastKnownFileType = sourcecode.swift; path = UserModel.swift; sourceTree = "<group>"; };
		E1A01FE92999517B00133FDA /* RegexValidations.swift */ = {isa = PBXFileReference; lastKnownFileType = sourcecode.swift; path = RegexValidations.swift; sourceTree = "<group>"; };
		E1A01FEB299955FD00133FDA /* CustomTextField.swift */ = {isa = PBXFileReference; lastKnownFileType = sourcecode.swift; path = CustomTextField.swift; sourceTree = "<group>"; };
		E1A01FED299964E800133FDA /* LoaderView.swift */ = {isa = PBXFileReference; lastKnownFileType = sourcecode.swift; path = LoaderView.swift; sourceTree = "<group>"; };
		E1A01FF12999662F00133FDA /* SimpleButton.swift */ = {isa = PBXFileReference; lastKnownFileType = sourcecode.swift; path = SimpleButton.swift; sourceTree = "<group>"; };
		E1A01FF32999664F00133FDA /* Styles.swift */ = {isa = PBXFileReference; lastKnownFileType = sourcecode.swift; path = Styles.swift; sourceTree = "<group>"; };
		E1A46ABF2999927600E1CA40 /* en */ = {isa = PBXFileReference; lastKnownFileType = text.plist.strings; name = en; path = en.lproj/Localizable.strings; sourceTree = "<group>"; };
		E1A46AC0299993A600E1CA40 /* LoginView.swift */ = {isa = PBXFileReference; lastKnownFileType = sourcecode.swift; path = LoginView.swift; sourceTree = "<group>"; };
		E1A46AC229999C7E00E1CA40 /* TabBar.swift */ = {isa = PBXFileReference; lastKnownFileType = sourcecode.swift; path = TabBar.swift; sourceTree = "<group>"; };
		E1A46AC429999CBE00E1CA40 /* HomeView.swift */ = {isa = PBXFileReference; lastKnownFileType = sourcecode.swift; path = HomeView.swift; sourceTree = "<group>"; };
		E1A46ACA29999F7300E1CA40 /* KameBooksKeyChain.swift */ = {isa = PBXFileReference; lastKnownFileType = sourcecode.swift; path = KameBooksKeyChain.swift; sourceTree = "<group>"; };
/* End PBXFileReference section */

/* Begin PBXFrameworksBuildPhase section */
		E18380402997F585008D39FE /* Frameworks */ = {
			isa = PBXFrameworksBuildPhase;
			buildActionMask = 2147483647;
			files = (
				E1A46AC829999EFE00E1CA40 /* KeychainAccess in Frameworks */,
			);
			runOnlyForDeploymentPostprocessing = 0;
		};
/* End PBXFrameworksBuildPhase section */

/* Begin PBXGroup section */
		E183803A2997F585008D39FE = {
			isa = PBXGroup;
			children = (
				E18380452997F585008D39FE /* KameBooks */,
				E18380442997F585008D39FE /* Products */,
			);
			sourceTree = "<group>";
		};
		E18380442997F585008D39FE /* Products */ = {
			isa = PBXGroup;
			children = (
				E18380432997F585008D39FE /* KameBooks.app */,
			);
			name = Products;
			sourceTree = "<group>";
		};
		E18380452997F585008D39FE /* KameBooks */ = {
			isa = PBXGroup;
			children = (
				E18380692997FA4B008D39FE /* Info.plist */,
				E18380542997F68B008D39FE /* System */,
				E18380552997F6A1008D39FE /* Config */,
				E18380582997F6D6008D39FE /* Views */,
				E18380592997F6EB008D39FE /* ViewModels */,
				E183805A2997F70F008D39FE /* ViewComponents */,
				E183805B2997F731008D39FE /* Components */,
				E183805C2997F743008D39FE /* Models */,
				E183805F2997F774008D39FE /* Network */,
				E1A01FCA2999381200133FDA /* Resources */,
				E183805E2997F765008D39FE /* Utils */,
				E1A46AC929999F3800E1CA40 /* Storage */,
				E183804C2997F588008D39FE /* Preview Content */,
			);
			path = KameBooks;
			sourceTree = "<group>";
		};
		E183804C2997F588008D39FE /* Preview Content */ = {
			isa = PBXGroup;
			children = (
				E183804D2997F588008D39FE /* Preview Assets.xcassets */,
			);
			path = "Preview Content";
			sourceTree = "<group>";
		};
		E18380542997F68B008D39FE /* System */ = {
			isa = PBXGroup;
			children = (
				E18380462997F585008D39FE /* KameBooksApp.swift */,
				E183804A2997F588008D39FE /* Assets.xcassets */,
				E1A01FD52999399500133FDA /* Colors.xcassets */,
			);
			name = System;
			sourceTree = "<group>";
		};
		E18380552997F6A1008D39FE /* Config */ = {
			isa = PBXGroup;
			children = (
				E18380562997F6CF008D39FE /* KameBooks_Release.xcconfig */,
				E1A01FD929993C1600133FDA /* KameBooks_Develop.xcconfig */,
			);
			name = Config;
			sourceTree = "<group>";
		};
		E18380582997F6D6008D39FE /* Views */ = {
			isa = PBXGroup;
			children = (
				E1A01FC62999375600133FDA /* SplashView.swift */,
				E1A01FDD2999419E00133FDA /* OnboardingView.swift */,
				E1A01FE12999468200133FDA /* AuthView.swift */,
				E1A01FE32999495200133FDA /* RegisterView.swift */,
				E1A46AC0299993A600E1CA40 /* LoginView.swift */,
				E1A46AC229999C7E00E1CA40 /* TabBar.swift */,
				E1A46AC429999CBE00E1CA40 /* HomeView.swift */,
				E1517FBA299C333E00661441 /* BookDetailView.swift */,
				E1517FC0299C36CA00661441 /* Profile.swift */,
			);
			name = Views;
			sourceTree = "<group>";
		};
		E18380592997F6EB008D39FE /* ViewModels */ = {
			isa = PBXGroup;
			children = (
				E1A01FD729993A5700133FDA /* NetworkStatus.swift */,
				E1A01FE529994A6B00133FDA /* AuthViewModel.swift */,
				E141F728299AB4D000381631 /* HomeViewModel.swift */,
				E1517FBE299C340600661441 /* BookDetailViewModel.swift */,
			);
			name = ViewModels;
			sourceTree = "<group>";
		};
		E183805A2997F70F008D39FE /* ViewComponents */ = {
			isa = PBXGroup;
			children = (
				E1A01FDF2999421100133FDA /* OnboardingPage.swift */,
				E1A01FEB299955FD00133FDA /* CustomTextField.swift */,
			);
			name = ViewComponents;
			sourceTree = "<group>";
		};
		E183805B2997F731008D39FE /* Components */ = {
			isa = PBXGroup;
			children = (
				E1A01FC8299937DE00133FDA /* AppOfflineView.swift */,
				E1A01FED299964E800133FDA /* LoaderView.swift */,
				E1A01FF12999662F00133FDA /* SimpleButton.swift */,
			);
			name = Components;
			sourceTree = "<group>";
		};
		E183805C2997F743008D39FE /* Models */ = {
			isa = PBXGroup;
			children = (
				E183806E2997FD69008D39FE /* BookModel.swift */,
				E1A01FE72999506700133FDA /* UserModel.swift */,
				E141F72A299AE0E000381631 /* AuthorModel.swift */,
			);
			name = Models;
			sourceTree = "<group>";
		};
		E183805E2997F765008D39FE /* Utils */ = {
			isa = PBXGroup;
			children = (
				E18380632997F95E008D39FE /* Extensions.swift */,
				E18380672997FA03008D39FE /* InfoKeys.swift */,
				E183806A2997FB3A008D39FE /* Device.swift */,
				E1A01FE92999517B00133FDA /* RegexValidations.swift */,
				E1A01FF32999664F00133FDA /* Styles.swift */,
			);
			name = Utils;
			sourceTree = "<group>";
		};
		E183805F2997F774008D39FE /* Network */ = {
			isa = PBXGroup;
			children = (
				E18380612997F930008D39FE /* NetworkErrors.swift */,
				E18380652997F99D008D39FE /* NetworkInterface.swift */,
				E183806C2997FB84008D39FE /* NetworkPersistence.swift */,
			);
			name = Network;
			sourceTree = "<group>";
		};
		E1A01FCA2999381200133FDA /* Resources */ = {
			isa = PBXGroup;
			children = (
				E1A01FCF2999385600133FDA /* Localizable.strings */,
				E1A01FD42999386D00133FDA /* Localizable.strings */,
			);
			name = Resources;
			sourceTree = "<group>";
		};
		E1A46AC929999F3800E1CA40 /* Storage */ = {
			isa = PBXGroup;
			children = (
				E1A46ACA29999F7300E1CA40 /* KameBooksKeyChain.swift */,
			);
			name = Storage;
			sourceTree = "<group>";
		};
/* End PBXGroup section */

/* Begin PBXNativeTarget section */
		E18380422997F585008D39FE /* KameBooks */ = {
			isa = PBXNativeTarget;
			buildConfigurationList = E18380512997F588008D39FE /* Build configuration list for PBXNativeTarget "KameBooks" */;
			buildPhases = (
				E183803F2997F585008D39FE /* Sources */,
				E18380402997F585008D39FE /* Frameworks */,
				E18380412997F585008D39FE /* Resources */,
			);
			buildRules = (
			);
			dependencies = (
			);
			name = KameBooks;
			packageProductDependencies = (
				E1A46AC729999EFE00E1CA40 /* KeychainAccess */,
			);
			productName = KameBooks;
			productReference = E18380432997F585008D39FE /* KameBooks.app */;
			productType = "com.apple.product-type.application";
		};
/* End PBXNativeTarget section */

/* Begin PBXProject section */
		E183803B2997F585008D39FE /* Project object */ = {
			isa = PBXProject;
			attributes = {
				BuildIndependentTargetsInParallel = NO;
				LastSwiftUpdateCheck = 1420;
				LastUpgradeCheck = 1420;
				ORGANIZATIONNAME = "Trantor S.L";
				TargetAttributes = {
					E18380422997F585008D39FE = {
						CreatedOnToolsVersion = 14.2;
					};
				};
			};
			buildConfigurationList = E183803E2997F585008D39FE /* Build configuration list for PBXProject "KameBooks" */;
			compatibilityVersion = "Xcode 14.0";
			developmentRegion = en;
			hasScannedForEncodings = 0;
			knownRegions = (
				en,
				es,
				Base,
			);
			mainGroup = E183803A2997F585008D39FE;
			packageReferences = (
				E1A46AC629999EFE00E1CA40 /* XCRemoteSwiftPackageReference "KeychainAccess" */,
			);
			productRefGroup = E18380442997F585008D39FE /* Products */;
			projectDirPath = "";
			projectRoot = "";
			targets = (
				E18380422997F585008D39FE /* KameBooks */,
			);
		};
/* End PBXProject section */

/* Begin PBXResourcesBuildPhase section */
		E18380412997F585008D39FE /* Resources */ = {
			isa = PBXResourcesBuildPhase;
			buildActionMask = 2147483647;
			files = (
				E18380572997F6CF008D39FE /* KameBooks_Release.xcconfig in Resources */,
				E1A01FD22999386D00133FDA /* Localizable.strings in Resources */,
				E1A01FDA29993C1600133FDA /* KameBooks_Develop.xcconfig in Resources */,
				E1A01FCD2999385600133FDA /* Localizable.strings in Resources */,
				E1A01FD62999399500133FDA /* Colors.xcassets in Resources */,
				E183804E2997F588008D39FE /* Preview Assets.xcassets in Resources */,
				E183804B2997F588008D39FE /* Assets.xcassets in Resources */,
			);
			runOnlyForDeploymentPostprocessing = 0;
		};
/* End PBXResourcesBuildPhase section */

/* Begin PBXSourcesBuildPhase section */
		E183803F2997F585008D39FE /* Sources */ = {
			isa = PBXSourcesBuildPhase;
			buildActionMask = 2147483647;
			files = (
				E1517FBB299C333E00661441 /* BookDetailView.swift in Sources */,
				E1A01FC72999375600133FDA /* SplashView.swift in Sources */,
				E1A01FDE2999419E00133FDA /* OnboardingView.swift in Sources */,
				E18380472997F585008D39FE /* KameBooksApp.swift in Sources */,
				E183806D2997FB84008D39FE /* NetworkPersistence.swift in Sources */,
				E183806F2997FD69008D39FE /* BookModel.swift in Sources */,
				E1A01FF22999662F00133FDA /* SimpleButton.swift in Sources */,
				E1A46AC1299993A600E1CA40 /* LoginView.swift in Sources */,
				E1A01FE22999468200133FDA /* AuthView.swift in Sources */,
				E1517FC1299C36CA00661441 /* Profile.swift in Sources */,
				E18380622997F930008D39FE /* NetworkErrors.swift in Sources */,
				E1A01FF42999664F00133FDA /* Styles.swift in Sources */,
				E1A46ACB29999F7300E1CA40 /* KameBooksKeyChain.swift in Sources */,
				E1A01FE629994A6B00133FDA /* AuthViewModel.swift in Sources */,
				E1A01FE42999495200133FDA /* RegisterView.swift in Sources */,
				E18380662997F99D008D39FE /* NetworkInterface.swift in Sources */,
				E1A01FD829993A5700133FDA /* NetworkStatus.swift in Sources */,
				E1A46AC529999CBE00E1CA40 /* HomeView.swift in Sources */,
				E18380642997F95E008D39FE /* Extensions.swift in Sources */,
				E1A01FEC299955FD00133FDA /* CustomTextField.swift in Sources */,
				E1A01FEA2999517B00133FDA /* RegexValidations.swift in Sources */,
				E183806B2997FB3A008D39FE /* Device.swift in Sources */,
				E141F72B299AE0E000381631 /* AuthorModel.swift in Sources */,
				E1A46AC329999C7E00E1CA40 /* TabBar.swift in Sources */,
				E1A01FE82999506700133FDA /* UserModel.swift in Sources */,
				E141F729299AB4D000381631 /* HomeViewModel.swift in Sources */,
				E1A01FEE299964E800133FDA /* LoaderView.swift in Sources */,
				E1517FBF299C340600661441 /* BookDetailViewModel.swift in Sources */,
				E1A01FC9299937DE00133FDA /* AppOfflineView.swift in Sources */,
				E18380682997FA03008D39FE /* InfoKeys.swift in Sources */,
				E1A01FE02999421100133FDA /* OnboardingPage.swift in Sources */,
			);
			runOnlyForDeploymentPostprocessing = 0;
		};
/* End PBXSourcesBuildPhase section */

/* Begin PBXVariantGroup section */
		E1A01FCF2999385600133FDA /* Localizable.strings */ = {
			isa = PBXVariantGroup;
			children = (
				E1A46ABF2999927600E1CA40 /* en */,
			);
			name = Localizable.strings;
			sourceTree = "<group>";
		};
		E1A01FD42999386D00133FDA /* Localizable.strings */ = {
			isa = PBXVariantGroup;
			children = (
				E1A01FD32999386D00133FDA /* es */,
			);
			name = Localizable.strings;
			sourceTree = "<group>";
		};
/* End PBXVariantGroup section */

/* Begin XCBuildConfiguration section */
		E183804F2997F588008D39FE /* Debug */ = {
			isa = XCBuildConfiguration;
			buildSettings = {
				ALWAYS_SEARCH_USER_PATHS = NO;
				CLANG_ANALYZER_NONNULL = YES;
				CLANG_ANALYZER_NUMBER_OBJECT_CONVERSION = YES_AGGRESSIVE;
				CLANG_CXX_LANGUAGE_STANDARD = "gnu++20";
				CLANG_ENABLE_MODULES = YES;
				CLANG_ENABLE_OBJC_ARC = YES;
				CLANG_ENABLE_OBJC_WEAK = YES;
				CLANG_WARN_BLOCK_CAPTURE_AUTORELEASING = YES;
				CLANG_WARN_BOOL_CONVERSION = YES;
				CLANG_WARN_COMMA = YES;
				CLANG_WARN_CONSTANT_CONVERSION = YES;
				CLANG_WARN_DEPRECATED_OBJC_IMPLEMENTATIONS = YES;
				CLANG_WARN_DIRECT_OBJC_ISA_USAGE = YES_ERROR;
				CLANG_WARN_DOCUMENTATION_COMMENTS = YES;
				CLANG_WARN_EMPTY_BODY = YES;
				CLANG_WARN_ENUM_CONVERSION = YES;
				CLANG_WARN_INFINITE_RECURSION = YES;
				CLANG_WARN_INT_CONVERSION = YES;
				CLANG_WARN_NON_LITERAL_NULL_CONVERSION = YES;
				CLANG_WARN_OBJC_IMPLICIT_RETAIN_SELF = YES;
				CLANG_WARN_OBJC_LITERAL_CONVERSION = YES;
				CLANG_WARN_OBJC_ROOT_CLASS = YES_ERROR;
				CLANG_WARN_QUOTED_INCLUDE_IN_FRAMEWORK_HEADER = YES;
				CLANG_WARN_RANGE_LOOP_ANALYSIS = YES;
				CLANG_WARN_STRICT_PROTOTYPES = YES;
				CLANG_WARN_SUSPICIOUS_MOVE = YES;
				CLANG_WARN_UNGUARDED_AVAILABILITY = YES_AGGRESSIVE;
				CLANG_WARN_UNREACHABLE_CODE = YES;
				CLANG_WARN__DUPLICATE_METHOD_MATCH = YES;
				COPY_PHASE_STRIP = NO;
				DEBUG_INFORMATION_FORMAT = dwarf;
				ENABLE_STRICT_OBJC_MSGSEND = YES;
				ENABLE_TESTABILITY = YES;
				GCC_C_LANGUAGE_STANDARD = gnu11;
				GCC_DYNAMIC_NO_PIC = NO;
				GCC_NO_COMMON_BLOCKS = YES;
				GCC_OPTIMIZATION_LEVEL = 0;
				GCC_PREPROCESSOR_DEFINITIONS = (
					"DEBUG=1",
					"$(inherited)",
				);
				GCC_WARN_64_TO_32_BIT_CONVERSION = YES;
				GCC_WARN_ABOUT_RETURN_TYPE = YES_ERROR;
				GCC_WARN_UNDECLARED_SELECTOR = YES;
				GCC_WARN_UNINITIALIZED_AUTOS = YES_AGGRESSIVE;
				GCC_WARN_UNUSED_FUNCTION = YES;
				GCC_WARN_UNUSED_VARIABLE = YES;
				IPHONEOS_DEPLOYMENT_TARGET = 16.0;
				MTL_ENABLE_DEBUG_INFO = INCLUDE_SOURCE;
				MTL_FAST_MATH = YES;
				ONLY_ACTIVE_ARCH = YES;
				SDKROOT = iphoneos;
				SWIFT_ACTIVE_COMPILATION_CONDITIONS = DEBUG;
				SWIFT_OPTIMIZATION_LEVEL = "-Onone";
			};
			name = Debug;
		};
		E18380502997F588008D39FE /* Release */ = {
			isa = XCBuildConfiguration;
			buildSettings = {
				ALWAYS_SEARCH_USER_PATHS = NO;
				CLANG_ANALYZER_NONNULL = YES;
				CLANG_ANALYZER_NUMBER_OBJECT_CONVERSION = YES_AGGRESSIVE;
				CLANG_CXX_LANGUAGE_STANDARD = "gnu++20";
				CLANG_ENABLE_MODULES = YES;
				CLANG_ENABLE_OBJC_ARC = YES;
				CLANG_ENABLE_OBJC_WEAK = YES;
				CLANG_WARN_BLOCK_CAPTURE_AUTORELEASING = YES;
				CLANG_WARN_BOOL_CONVERSION = YES;
				CLANG_WARN_COMMA = YES;
				CLANG_WARN_CONSTANT_CONVERSION = YES;
				CLANG_WARN_DEPRECATED_OBJC_IMPLEMENTATIONS = YES;
				CLANG_WARN_DIRECT_OBJC_ISA_USAGE = YES_ERROR;
				CLANG_WARN_DOCUMENTATION_COMMENTS = YES;
				CLANG_WARN_EMPTY_BODY = YES;
				CLANG_WARN_ENUM_CONVERSION = YES;
				CLANG_WARN_INFINITE_RECURSION = YES;
				CLANG_WARN_INT_CONVERSION = YES;
				CLANG_WARN_NON_LITERAL_NULL_CONVERSION = YES;
				CLANG_WARN_OBJC_IMPLICIT_RETAIN_SELF = YES;
				CLANG_WARN_OBJC_LITERAL_CONVERSION = YES;
				CLANG_WARN_OBJC_ROOT_CLASS = YES_ERROR;
				CLANG_WARN_QUOTED_INCLUDE_IN_FRAMEWORK_HEADER = YES;
				CLANG_WARN_RANGE_LOOP_ANALYSIS = YES;
				CLANG_WARN_STRICT_PROTOTYPES = YES;
				CLANG_WARN_SUSPICIOUS_MOVE = YES;
				CLANG_WARN_UNGUARDED_AVAILABILITY = YES_AGGRESSIVE;
				CLANG_WARN_UNREACHABLE_CODE = YES;
				CLANG_WARN__DUPLICATE_METHOD_MATCH = YES;
				COPY_PHASE_STRIP = NO;
				DEBUG_INFORMATION_FORMAT = "dwarf-with-dsym";
				ENABLE_NS_ASSERTIONS = NO;
				ENABLE_STRICT_OBJC_MSGSEND = YES;
				GCC_C_LANGUAGE_STANDARD = gnu11;
				GCC_NO_COMMON_BLOCKS = YES;
				GCC_WARN_64_TO_32_BIT_CONVERSION = YES;
				GCC_WARN_ABOUT_RETURN_TYPE = YES_ERROR;
				GCC_WARN_UNDECLARED_SELECTOR = YES;
				GCC_WARN_UNINITIALIZED_AUTOS = YES_AGGRESSIVE;
				GCC_WARN_UNUSED_FUNCTION = YES;
				GCC_WARN_UNUSED_VARIABLE = YES;
				IPHONEOS_DEPLOYMENT_TARGET = 16.0;
				MTL_ENABLE_DEBUG_INFO = NO;
				MTL_FAST_MATH = YES;
				SDKROOT = iphoneos;
				SWIFT_COMPILATION_MODE = wholemodule;
				SWIFT_OPTIMIZATION_LEVEL = "-O";
				VALIDATE_PRODUCT = YES;
			};
			name = Release;
		};
		E18380522997F588008D39FE /* Debug */ = {
			isa = XCBuildConfiguration;
			baseConfigurationReference = E1A01FD929993C1600133FDA /* KameBooks_Develop.xcconfig */;
			buildSettings = {
				ASSETCATALOG_COMPILER_APPICON_NAME = AppIcon;
				ASSETCATALOG_COMPILER_GLOBAL_ACCENT_COLOR_NAME = AccentColor;
				CODE_SIGN_STYLE = Automatic;
				CURRENT_PROJECT_VERSION = 1;
				DEVELOPMENT_ASSET_PATHS = "\"KameBooks/Preview Content\"";
				DEVELOPMENT_TEAM = L67YVQVQHF;
				ENABLE_PREVIEWS = YES;
				GENERATE_INFOPLIST_FILE = YES;
				INFOPLIST_FILE = KameBooks/Info.plist;
				INFOPLIST_KEY_CFBundleDisplayName = TrantorBooks;
				INFOPLIST_KEY_UIApplicationSceneManifest_Generation = YES;
				INFOPLIST_KEY_UIApplicationSupportsIndirectInputEvents = YES;
				INFOPLIST_KEY_UILaunchScreen_Generation = YES;
				INFOPLIST_KEY_UIStatusBarHidden = NO;
				INFOPLIST_KEY_UIStatusBarStyle = UIStatusBarStyleLightContent;
				INFOPLIST_KEY_UISupportedInterfaceOrientations = UIInterfaceOrientationPortrait;
				INFOPLIST_KEY_UISupportedInterfaceOrientations_iPad = "UIInterfaceOrientationLandscapeLeft UIInterfaceOrientationLandscapeRight";
				IPHONEOS_DEPLOYMENT_TARGET = 16.0;
				LD_RUNPATH_SEARCH_PATHS = (
					"$(inherited)",
					"@executable_path/Frameworks",
				);
				MARKETING_VERSION = 1.0;
				PRODUCT_BUNDLE_IDENTIFIER = com.KameBooks;
				PRODUCT_NAME = "$(TARGET_NAME)";
				SUPPORTED_PLATFORMS = "iphoneos iphonesimulator";
				SUPPORTS_MACCATALYST = NO;
				SUPPORTS_MAC_DESIGNED_FOR_IPHONE_IPAD = YES;
				SWIFT_EMIT_LOC_STRINGS = YES;
				SWIFT_VERSION = 5.0;
				TARGETED_DEVICE_FAMILY = 1;
			};
			name = Debug;
		};
		E18380532997F588008D39FE /* Release */ = {
			isa = XCBuildConfiguration;
			baseConfigurationReference = E18380562997F6CF008D39FE /* KameBooks_Release.xcconfig */;
			buildSettings = {
				ASSETCATALOG_COMPILER_APPICON_NAME = AppIcon;
				ASSETCATALOG_COMPILER_GLOBAL_ACCENT_COLOR_NAME = AccentColor;
				CODE_SIGN_STYLE = Automatic;
				CURRENT_PROJECT_VERSION = 1;
				DEVELOPMENT_ASSET_PATHS = "\"KameBooks/Preview Content\"";
				DEVELOPMENT_TEAM = L67YVQVQHF;
				ENABLE_PREVIEWS = YES;
				GENERATE_INFOPLIST_FILE = YES;
				INFOPLIST_FILE = KameBooks/Info.plist;
				INFOPLIST_KEY_CFBundleDisplayName = TrantorBooks;
				INFOPLIST_KEY_UIApplicationSceneManifest_Generation = YES;
				INFOPLIST_KEY_UIApplicationSupportsIndirectInputEvents = YES;
				INFOPLIST_KEY_UILaunchScreen_Generation = YES;
				INFOPLIST_KEY_UIStatusBarHidden = NO;
				INFOPLIST_KEY_UIStatusBarStyle = UIStatusBarStyleLightContent;
				INFOPLIST_KEY_UISupportedInterfaceOrientations = UIInterfaceOrientationPortrait;
				INFOPLIST_KEY_UISupportedInterfaceOrientations_iPad = "UIInterfaceOrientationLandscapeLeft UIInterfaceOrientationLandscapeRight";
				IPHONEOS_DEPLOYMENT_TARGET = 16.0;
				LD_RUNPATH_SEARCH_PATHS = (
					"$(inherited)",
					"@executable_path/Frameworks",
				);
				MARKETING_VERSION = 1.0;
				PRODUCT_BUNDLE_IDENTIFIER = com.KameBooks;
				PRODUCT_NAME = "$(TARGET_NAME)";
				SUPPORTED_PLATFORMS = "iphoneos iphonesimulator";
				SUPPORTS_MACCATALYST = NO;
				SUPPORTS_MAC_DESIGNED_FOR_IPHONE_IPAD = YES;
				SWIFT_EMIT_LOC_STRINGS = YES;
				SWIFT_VERSION = 5.0;
				TARGETED_DEVICE_FAMILY = 1;
			};
			name = Release;
		};
/* End XCBuildConfiguration section */

/* Begin XCConfigurationList section */
		E183803E2997F585008D39FE /* Build configuration list for PBXProject "KameBooks" */ = {
			isa = XCConfigurationList;
			buildConfigurations = (
				E183804F2997F588008D39FE /* Debug */,
				E18380502997F588008D39FE /* Release */,
			);
			defaultConfigurationIsVisible = 0;
			defaultConfigurationName = Release;
		};
		E18380512997F588008D39FE /* Build configuration list for PBXNativeTarget "KameBooks" */ = {
			isa = XCConfigurationList;
			buildConfigurations = (
				E18380522997F588008D39FE /* Debug */,
				E18380532997F588008D39FE /* Release */,
			);
			defaultConfigurationIsVisible = 0;
			defaultConfigurationName = Release;
		};
/* End XCConfigurationList section */

/* Begin XCRemoteSwiftPackageReference section */
		E1A46AC629999EFE00E1CA40 /* XCRemoteSwiftPackageReference "KeychainAccess" */ = {
			isa = XCRemoteSwiftPackageReference;
			repositoryURL = "https://github.com/kishikawakatsumi/KeychainAccess";
			requirement = {
				branch = master;
				kind = branch;
			};
		};
/* End XCRemoteSwiftPackageReference section */

/* Begin XCSwiftPackageProductDependency section */
		E1A46AC729999EFE00E1CA40 /* KeychainAccess */ = {
			isa = XCSwiftPackageProductDependency;
			package = E1A46AC629999EFE00E1CA40 /* XCRemoteSwiftPackageReference "KeychainAccess" */;
			productName = KeychainAccess;
		};
/* End XCSwiftPackageProductDependency section */
	};
	rootObject = E183803B2997F585008D39FE /* Project object */;
}
